// !$*UTF8*$!
{
	archiveVersion = 1;
	classes = {
	};
	objectVersion = 55;
	objects = {

/* Begin PBXBuildFile section */
		686E00AB287FDAE800BE5172 /* MyAssetApp.swift in Sources */ = {isa = PBXBuildFile; fileRef = 686E00AA287FDAE800BE5172 /* MyAssetApp.swift */; };
		686E00AD287FDAE800BE5172 /* ContentView.swift in Sources */ = {isa = PBXBuildFile; fileRef = 686E00AC287FDAE800BE5172 /* ContentView.swift */; };
		686E00AF287FDAE900BE5172 /* Assets.xcassets in Resources */ = {isa = PBXBuildFile; fileRef = 686E00AE287FDAE900BE5172 /* Assets.xcassets */; };
		686E00B9287FDB0F00BE5172 /* AppDelegate.swift in Sources */ = {isa = PBXBuildFile; fileRef = 686E00B8287FDB0F00BE5172 /* AppDelegate.swift */; };
		686E00BB287FDB3B00BE5172 /* SceneDelegate.swift in Sources */ = {isa = PBXBuildFile; fileRef = 686E00BA287FDB3B00BE5172 /* SceneDelegate.swift */; };
		686E00BD287FDFB300BE5172 /* NavigationBarWithButton.swift in Sources */ = {isa = PBXBuildFile; fileRef = 686E00BC287FDFB300BE5172 /* NavigationBarWithButton.swift */; };
		686E00BF287FE44F00BE5172 /* AssetMenu.swift in Sources */ = {isa = PBXBuildFile; fileRef = 686E00BE287FE44F00BE5172 /* AssetMenu.swift */; };
		686E00C1287FE69800BE5172 /* AssetMenuButtonStyle.swift in Sources */ = {isa = PBXBuildFile; fileRef = 686E00C0287FE69800BE5172 /* AssetMenuButtonStyle.swift */; };
		686E00C3287FE8F100BE5172 /* AssetMenuGridView.swift in Sources */ = {isa = PBXBuildFile; fileRef = 686E00C2287FE8F100BE5172 /* AssetMenuGridView.swift */; };
		686E00C5287FEA8400BE5172 /* AssetView.swift in Sources */ = {isa = PBXBuildFile; fileRef = 686E00C4287FEA8400BE5172 /* AssetView.swift */; };
		686E00C9287FF1E800BE5172 /* AssetBanner.swift in Sources */ = {isa = PBXBuildFile; fileRef = 686E00C8287FF1E800BE5172 /* AssetBanner.swift */; };
		686E00CC287FF24100BE5172 /* BannerCard.swift in Sources */ = {isa = PBXBuildFile; fileRef = 686E00CB287FF24100BE5172 /* BannerCard.swift */; };
		686E00CF287FF73200BE5172 /* PageViewController.swift in Sources */ = {isa = PBXBuildFile; fileRef = 686E00CE287FF73200BE5172 /* PageViewController.swift */; };
		686E00D1287FFB5400BE5172 /* PageControl.swift in Sources */ = {isa = PBXBuildFile; fileRef = 686E00D0287FFB5400BE5172 /* PageControl.swift */; };
		686E00D3287FFD5400BE5172 /* AssetBannerView.swift in Sources */ = {isa = PBXBuildFile; fileRef = 686E00D2287FFD5400BE5172 /* AssetBannerView.swift */; };
		686E00D62880491F00BE5172 /* assets.json in Resources */ = {isa = PBXBuildFile; fileRef = 686E00D52880491E00BE5172 /* assets.json */; };
		686E00D82880496800BE5172 /* Asset.swift in Sources */ = {isa = PBXBuildFile; fileRef = 686E00D72880496800BE5172 /* Asset.swift */; };
		686E00DA28804AE500BE5172 /* AssetSummaryData.swift in Sources */ = {isa = PBXBuildFile; fileRef = 686E00D928804AE500BE5172 /* AssetSummaryData.swift */; };
		686E00DC28804C9E00BE5172 /* AssetSectionHeaderView.swift in Sources */ = {isa = PBXBuildFile; fileRef = 686E00DB28804C9E00BE5172 /* AssetSectionHeaderView.swift */; };
		686E00DE28804DC300BE5172 /* AssetSectionView.swift in Sources */ = {isa = PBXBuildFile; fileRef = 686E00DD28804DC300BE5172 /* AssetSectionView.swift */; };
		686E00E0288050A400BE5172 /* AssetSummaryView.swift in Sources */ = {isa = PBXBuildFile; fileRef = 686E00DF288050A400BE5172 /* AssetSummaryView.swift */; };
		686E00EA2880547700BE5172 /* Preview Assets.xcassets in Resources */ = {isa = PBXBuildFile; fileRef = 686E00E92880547700BE5172 /* Preview Assets.xcassets */; };
		686E00EC288059A400BE5172 /* TabMenuView.swift in Sources */ = {isa = PBXBuildFile; fileRef = 686E00EB288059A400BE5172 /* TabMenuView.swift */; };
		686E00F02880615100BE5172 /* AssetCardSectionView.swift in Sources */ = {isa = PBXBuildFile; fileRef = 686E00EF2880615100BE5172 /* AssetCardSectionView.swift */; };
/* End PBXBuildFile section */

/* Begin PBXFileReference section */
		686E00A7287FDAE800BE5172 /* MyAsset.app */ = {isa = PBXFileReference; explicitFileType = wrapper.application; includeInIndex = 0; path = MyAsset.app; sourceTree = BUILT_PRODUCTS_DIR; };
		686E00AA287FDAE800BE5172 /* MyAssetApp.swift */ = {isa = PBXFileReference; lastKnownFileType = sourcecode.swift; path = MyAssetApp.swift; sourceTree = "<group>"; };
		686E00AC287FDAE800BE5172 /* ContentView.swift */ = {isa = PBXFileReference; lastKnownFileType = sourcecode.swift; path = ContentView.swift; sourceTree = "<group>"; };
		686E00AE287FDAE900BE5172 /* Assets.xcassets */ = {isa = PBXFileReference; lastKnownFileType = folder.assetcatalog; path = Assets.xcassets; sourceTree = "<group>"; };
		686E00B8287FDB0F00BE5172 /* AppDelegate.swift */ = {isa = PBXFileReference; lastKnownFileType = sourcecode.swift; path = AppDelegate.swift; sourceTree = "<group>"; };
		686E00BA287FDB3B00BE5172 /* SceneDelegate.swift */ = {isa = PBXFileReference; lastKnownFileType = sourcecode.swift; path = SceneDelegate.swift; sourceTree = "<group>"; };
		686E00BC287FDFB300BE5172 /* NavigationBarWithButton.swift */ = {isa = PBXFileReference; lastKnownFileType = sourcecode.swift; path = NavigationBarWithButton.swift; sourceTree = "<group>"; };
		686E00BE287FE44F00BE5172 /* AssetMenu.swift */ = {isa = PBXFileReference; lastKnownFileType = sourcecode.swift; path = AssetMenu.swift; sourceTree = "<group>"; };
		686E00C0287FE69800BE5172 /* AssetMenuButtonStyle.swift */ = {isa = PBXFileReference; lastKnownFileType = sourcecode.swift; path = AssetMenuButtonStyle.swift; sourceTree = "<group>"; };
		686E00C2287FE8F100BE5172 /* AssetMenuGridView.swift */ = {isa = PBXFileReference; lastKnownFileType = sourcecode.swift; path = AssetMenuGridView.swift; sourceTree = "<group>"; };
		686E00C4287FEA8400BE5172 /* AssetView.swift */ = {isa = PBXFileReference; lastKnownFileType = sourcecode.swift; path = AssetView.swift; sourceTree = "<group>"; };
		686E00C8287FF1E800BE5172 /* AssetBanner.swift */ = {isa = PBXFileReference; lastKnownFileType = sourcecode.swift; path = AssetBanner.swift; sourceTree = "<group>"; };
		686E00CB287FF24100BE5172 /* BannerCard.swift */ = {isa = PBXFileReference; lastKnownFileType = sourcecode.swift; path = BannerCard.swift; sourceTree = "<group>"; };
		686E00CE287FF73200BE5172 /* PageViewController.swift */ = {isa = PBXFileReference; lastKnownFileType = sourcecode.swift; path = PageViewController.swift; sourceTree = "<group>"; };
		686E00D0287FFB5400BE5172 /* PageControl.swift */ = {isa = PBXFileReference; lastKnownFileType = sourcecode.swift; path = PageControl.swift; sourceTree = "<group>"; };
		686E00D2287FFD5400BE5172 /* AssetBannerView.swift */ = {isa = PBXFileReference; lastKnownFileType = sourcecode.swift; path = AssetBannerView.swift; sourceTree = "<group>"; };
		686E00D52880491E00BE5172 /* assets.json */ = {isa = PBXFileReference; fileEncoding = 4; lastKnownFileType = text.json; name = assets.json; path = "../../../../../../Downloads/part4.-upper-intermediate--전체-/Ch1_MyAsset/assets.json"; sourceTree = "<group>"; };
		686E00D72880496800BE5172 /* Asset.swift */ = {isa = PBXFileReference; lastKnownFileType = sourcecode.swift; path = Asset.swift; sourceTree = "<group>"; };
		686E00D928804AE500BE5172 /* AssetSummaryData.swift */ = {isa = PBXFileReference; lastKnownFileType = sourcecode.swift; path = AssetSummaryData.swift; sourceTree = "<group>"; };
		686E00DB28804C9E00BE5172 /* AssetSectionHeaderView.swift */ = {isa = PBXFileReference; lastKnownFileType = sourcecode.swift; path = AssetSectionHeaderView.swift; sourceTree = "<group>"; };
		686E00DD28804DC300BE5172 /* AssetSectionView.swift */ = {isa = PBXFileReference; lastKnownFileType = sourcecode.swift; path = AssetSectionView.swift; sourceTree = "<group>"; };
		686E00DF288050A400BE5172 /* AssetSummaryView.swift */ = {isa = PBXFileReference; lastKnownFileType = sourcecode.swift; path = AssetSummaryView.swift; sourceTree = "<group>"; };
		686E00E92880547700BE5172 /* Preview Assets.xcassets */ = {isa = PBXFileReference; lastKnownFileType = folder.assetcatalog; path = "Preview Assets.xcassets"; sourceTree = "<group>"; };
		686E00EB288059A400BE5172 /* TabMenuView.swift */ = {isa = PBXFileReference; lastKnownFileType = sourcecode.swift; path = TabMenuView.swift; sourceTree = "<group>"; };
		686E00EF2880615100BE5172 /* AssetCardSectionView.swift */ = {isa = PBXFileReference; lastKnownFileType = sourcecode.swift; path = AssetCardSectionView.swift; sourceTree = "<group>"; };
/* End PBXFileReference section */

/* Begin PBXFrameworksBuildPhase section */
		686E00A4287FDAE800BE5172 /* Frameworks */ = {
			isa = PBXFrameworksBuildPhase;
			buildActionMask = 2147483647;
			files = (
			);
			runOnlyForDeploymentPostprocessing = 0;
		};
/* End PBXFrameworksBuildPhase section */

/* Begin PBXGroup section */
		686E009E287FDAE800BE5172 = {
			isa = PBXGroup;
			children = (
				686E00A9287FDAE800BE5172 /* MyAsset */,
				686E00A8287FDAE800BE5172 /* Products */,
			);
			sourceTree = "<group>";
		};
		686E00A8287FDAE800BE5172 /* Products */ = {
			isa = PBXGroup;
			children = (
				686E00A7287FDAE800BE5172 /* MyAsset.app */,
			);
			name = Products;
			sourceTree = "<group>";
		};
		686E00A9287FDAE800BE5172 /* MyAsset */ = {
			isa = PBXGroup;
			children = (
				686E00AA287FDAE800BE5172 /* MyAssetApp.swift */,
				686E00BA287FDB3B00BE5172 /* SceneDelegate.swift */,
				686E00AC287FDAE800BE5172 /* ContentView.swift */,
				686E00CA287FF1F400BE5172 /* Entities */,
				686E00BC287FDFB300BE5172 /* NavigationBarWithButton.swift */,
				686E00CD287FF25500BE5172 /* AssetMenu */,
				686E00C4287FEA8400BE5172 /* AssetView.swift */,
				686E00B8287FDB0F00BE5172 /* AppDelegate.swift */,
				686E00D928804AE500BE5172 /* AssetSummaryData.swift */,
				686E00E12880521800BE5172 /* AssetSummaryView */,
				686E00E82880547700BE5172 /* Preview Content */,
				686E00D52880491E00BE5172 /* assets.json */,
				686E00AE287FDAE900BE5172 /* Assets.xcassets */,
			);
			path = MyAsset;
			sourceTree = "<group>";
		};
		686E00CA287FF1F400BE5172 /* Entities */ = {
			isa = PBXGroup;
			children = (
				686E00BE287FE44F00BE5172 /* AssetMenu.swift */,
				686E00D72880496800BE5172 /* Asset.swift */,
				686E00C8287FF1E800BE5172 /* AssetBanner.swift */,
			);
			path = Entities;
			sourceTree = "<group>";
		};
		686E00CD287FF25500BE5172 /* AssetMenu */ = {
			isa = PBXGroup;
			children = (
				686E00D4287FFD7700BE5172 /* AssetBannerView */,
				686E00C0287FE69800BE5172 /* AssetMenuButtonStyle.swift */,
				686E00C2287FE8F100BE5172 /* AssetMenuGridView.swift */,
			);
			path = AssetMenu;
			sourceTree = "<group>";
		};
		686E00D4287FFD7700BE5172 /* AssetBannerView */ = {
			isa = PBXGroup;
			children = (
				686E00CB287FF24100BE5172 /* BannerCard.swift */,
				686E00CE287FF73200BE5172 /* PageViewController.swift */,
				686E00D0287FFB5400BE5172 /* PageControl.swift */,
				686E00D2287FFD5400BE5172 /* AssetBannerView.swift */,
			);
			path = AssetBannerView;
			sourceTree = "<group>";
		};
		686E00E12880521800BE5172 /* AssetSummaryView */ = {
			isa = PBXGroup;
			children = (
				686E00DB28804C9E00BE5172 /* AssetSectionHeaderView.swift */,
				686E00DD28804DC300BE5172 /* AssetSectionView.swift */,
				686E00DF288050A400BE5172 /* AssetSummaryView.swift */,
				686E00EB288059A400BE5172 /* TabMenuView.swift */,
				686E00EF2880615100BE5172 /* AssetCardSectionView.swift */,
			);
			path = AssetSummaryView;
			sourceTree = "<group>";
		};
		686E00E82880547700BE5172 /* Preview Content */ = {
			isa = PBXGroup;
			children = (
				686E00E92880547700BE5172 /* Preview Assets.xcassets */,
			);
			name = "Preview Content";
			path = "../../../../../../Downloads/part4.-upper-intermediate--전체-/Ch1_MyAsset/MyAsset/MyAsset/MyAsset/Preview Content";
			sourceTree = "<group>";
		};
/* End PBXGroup section */

/* Begin PBXNativeTarget section */
		686E00A6287FDAE800BE5172 /* MyAsset */ = {
			isa = PBXNativeTarget;
			buildConfigurationList = 686E00B5287FDAE900BE5172 /* Build configuration list for PBXNativeTarget "MyAsset" */;
			buildPhases = (
				686E00A3287FDAE800BE5172 /* Sources */,
				686E00A4287FDAE800BE5172 /* Frameworks */,
				686E00A5287FDAE800BE5172 /* Resources */,
			);
			buildRules = (
			);
			dependencies = (
			);
			name = MyAsset;
			productName = MyAsset;
			productReference = 686E00A7287FDAE800BE5172 /* MyAsset.app */;
			productType = "com.apple.product-type.application";
		};
/* End PBXNativeTarget section */

/* Begin PBXProject section */
		686E009F287FDAE800BE5172 /* Project object */ = {
			isa = PBXProject;
			attributes = {
				BuildIndependentTargetsInParallel = 1;
				LastSwiftUpdateCheck = 1340;
				LastUpgradeCheck = 1340;
				TargetAttributes = {
					686E00A6287FDAE800BE5172 = {
						CreatedOnToolsVersion = 13.4.1;
					};
				};
			};
			buildConfigurationList = 686E00A2287FDAE800BE5172 /* Build configuration list for PBXProject "MyAsset" */;
			compatibilityVersion = "Xcode 13.0";
			developmentRegion = en;
			hasScannedForEncodings = 0;
			knownRegions = (
				en,
				Base,
			);
			mainGroup = 686E009E287FDAE800BE5172;
			productRefGroup = 686E00A8287FDAE800BE5172 /* Products */;
			projectDirPath = "";
			projectRoot = "";
			targets = (
				686E00A6287FDAE800BE5172 /* MyAsset */,
			);
		};
/* End PBXProject section */

/* Begin PBXResourcesBuildPhase section */
		686E00A5287FDAE800BE5172 /* Resources */ = {
			isa = PBXResourcesBuildPhase;
			buildActionMask = 2147483647;
			files = (
				686E00D62880491F00BE5172 /* assets.json in Resources */,
				686E00EA2880547700BE5172 /* Preview Assets.xcassets in Resources */,
				686E00AF287FDAE900BE5172 /* Assets.xcassets in Resources */,
			);
			runOnlyForDeploymentPostprocessing = 0;
		};
/* End PBXResourcesBuildPhase section */

/* Begin PBXSourcesBuildPhase section */
		686E00A3287FDAE800BE5172 /* Sources */ = {
			isa = PBXSourcesBuildPhase;
			buildActionMask = 2147483647;
			files = (
				686E00DC28804C9E00BE5172 /* AssetSectionHeaderView.swift in Sources */,
				686E00C3287FE8F100BE5172 /* AssetMenuGridView.swift in Sources */,
				686E00D3287FFD5400BE5172 /* AssetBannerView.swift in Sources */,
				686E00EC288059A400BE5172 /* TabMenuView.swift in Sources */,
				686E00C1287FE69800BE5172 /* AssetMenuButtonStyle.swift in Sources */,
				686E00CC287FF24100BE5172 /* BannerCard.swift in Sources */,
				686E00D1287FFB5400BE5172 /* PageControl.swift in Sources */,
				686E00CF287FF73200BE5172 /* PageViewController.swift in Sources */,
				686E00E0288050A400BE5172 /* AssetSummaryView.swift in Sources */,
				686E00C5287FEA8400BE5172 /* AssetView.swift in Sources */,
				686E00B9287FDB0F00BE5172 /* AppDelegate.swift in Sources */,
				686E00DE28804DC300BE5172 /* AssetSectionView.swift in Sources */,
				686E00C9287FF1E800BE5172 /* AssetBanner.swift in Sources */,
				686E00DA28804AE500BE5172 /* AssetSummaryData.swift in Sources */,
				686E00BF287FE44F00BE5172 /* AssetMenu.swift in Sources */,
				686E00BD287FDFB300BE5172 /* NavigationBarWithButton.swift in Sources */,
				686E00AD287FDAE800BE5172 /* ContentView.swift in Sources */,
				686E00D82880496800BE5172 /* Asset.swift in Sources */,
				686E00AB287FDAE800BE5172 /* MyAssetApp.swift in Sources */,
				686E00F02880615100BE5172 /* AssetCardSectionView.swift in Sources */,
				686E00BB287FDB3B00BE5172 /* SceneDelegate.swift in Sources */,
			);
			runOnlyForDeploymentPostprocessing = 0;
		};
/* End PBXSourcesBuildPhase section */

/* Begin XCBuildConfiguration section */
		686E00B3287FDAE900BE5172 /* Debug */ = {
			isa = XCBuildConfiguration;
			buildSettings = {
				ALWAYS_SEARCH_USER_PATHS = NO;
				CLANG_ANALYZER_NONNULL = YES;
				CLANG_ANALYZER_NUMBER_OBJECT_CONVERSION = YES_AGGRESSIVE;
				CLANG_CXX_LANGUAGE_STANDARD = "gnu++17";
				CLANG_ENABLE_MODULES = YES;
				CLANG_ENABLE_OBJC_ARC = YES;
				CLANG_ENABLE_OBJC_WEAK = YES;
				CLANG_WARN_BLOCK_CAPTURE_AUTORELEASING = YES;
				CLANG_WARN_BOOL_CONVERSION = YES;
				CLANG_WARN_COMMA = YES;
				CLANG_WARN_CONSTANT_CONVERSION = YES;
				CLANG_WARN_DEPRECATED_OBJC_IMPLEMENTATIONS = YES;
				CLANG_WARN_DIRECT_OBJC_ISA_USAGE = YES_ERROR;
				CLANG_WARN_DOCUMENTATION_COMMENTS = YES;
				CLANG_WARN_EMPTY_BODY = YES;
				CLANG_WARN_ENUM_CONVERSION = YES;
				CLANG_WARN_INFINITE_RECURSION = YES;
				CLANG_WARN_INT_CONVERSION = YES;
				CLANG_WARN_NON_LITERAL_NULL_CONVERSION = YES;
				CLANG_WARN_OBJC_IMPLICIT_RETAIN_SELF = YES;
				CLANG_WARN_OBJC_LITERAL_CONVERSION = YES;
				CLANG_WARN_OBJC_ROOT_CLASS = YES_ERROR;
				CLANG_WARN_QUOTED_INCLUDE_IN_FRAMEWORK_HEADER = YES;
				CLANG_WARN_RANGE_LOOP_ANALYSIS = YES;
				CLANG_WARN_STRICT_PROTOTYPES = YES;
				CLANG_WARN_SUSPICIOUS_MOVE = YES;
				CLANG_WARN_UNGUARDED_AVAILABILITY = YES_AGGRESSIVE;
				CLANG_WARN_UNREACHABLE_CODE = YES;
				CLANG_WARN__DUPLICATE_METHOD_MATCH = YES;
				COPY_PHASE_STRIP = NO;
				DEBUG_INFORMATION_FORMAT = dwarf;
				ENABLE_STRICT_OBJC_MSGSEND = YES;
				ENABLE_TESTABILITY = YES;
				GCC_C_LANGUAGE_STANDARD = gnu11;
				GCC_DYNAMIC_NO_PIC = NO;
				GCC_NO_COMMON_BLOCKS = YES;
				GCC_OPTIMIZATION_LEVEL = 0;
				GCC_PREPROCESSOR_DEFINITIONS = (
					"DEBUG=1",
					"$(inherited)",
				);
				GCC_WARN_64_TO_32_BIT_CONVERSION = YES;
				GCC_WARN_ABOUT_RETURN_TYPE = YES_ERROR;
				GCC_WARN_UNDECLARED_SELECTOR = YES;
				GCC_WARN_UNINITIALIZED_AUTOS = YES_AGGRESSIVE;
				GCC_WARN_UNUSED_FUNCTION = YES;
				GCC_WARN_UNUSED_VARIABLE = YES;
				IPHONEOS_DEPLOYMENT_TARGET = 15.5;
				MTL_ENABLE_DEBUG_INFO = INCLUDE_SOURCE;
				MTL_FAST_MATH = YES;
				ONLY_ACTIVE_ARCH = YES;
				SDKROOT = iphoneos;
				SWIFT_ACTIVE_COMPILATION_CONDITIONS = DEBUG;
				SWIFT_OPTIMIZATION_LEVEL = "-Onone";
			};
			name = Debug;
		};
		686E00B4287FDAE900BE5172 /* Release */ = {
			isa = XCBuildConfiguration;
			buildSettings = {
				ALWAYS_SEARCH_USER_PATHS = NO;
				CLANG_ANALYZER_NONNULL = YES;
				CLANG_ANALYZER_NUMBER_OBJECT_CONVERSION = YES_AGGRESSIVE;
				CLANG_CXX_LANGUAGE_STANDARD = "gnu++17";
				CLANG_ENABLE_MODULES = YES;
				CLANG_ENABLE_OBJC_ARC = YES;
				CLANG_ENABLE_OBJC_WEAK = YES;
				CLANG_WARN_BLOCK_CAPTURE_AUTORELEASING = YES;
				CLANG_WARN_BOOL_CONVERSION = YES;
				CLANG_WARN_COMMA = YES;
				CLANG_WARN_CONSTANT_CONVERSION = YES;
				CLANG_WARN_DEPRECATED_OBJC_IMPLEMENTATIONS = YES;
				CLANG_WARN_DIRECT_OBJC_ISA_USAGE = YES_ERROR;
				CLANG_WARN_DOCUMENTATION_COMMENTS = YES;
				CLANG_WARN_EMPTY_BODY = YES;
				CLANG_WARN_ENUM_CONVERSION = YES;
				CLANG_WARN_INFINITE_RECURSION = YES;
				CLANG_WARN_INT_CONVERSION = YES;
				CLANG_WARN_NON_LITERAL_NULL_CONVERSION = YES;
				CLANG_WARN_OBJC_IMPLICIT_RETAIN_SELF = YES;
				CLANG_WARN_OBJC_LITERAL_CONVERSION = YES;
				CLANG_WARN_OBJC_ROOT_CLASS = YES_ERROR;
				CLANG_WARN_QUOTED_INCLUDE_IN_FRAMEWORK_HEADER = YES;
				CLANG_WARN_RANGE_LOOP_ANALYSIS = YES;
				CLANG_WARN_STRICT_PROTOTYPES = YES;
				CLANG_WARN_SUSPICIOUS_MOVE = YES;
				CLANG_WARN_UNGUARDED_AVAILABILITY = YES_AGGRESSIVE;
				CLANG_WARN_UNREACHABLE_CODE = YES;
				CLANG_WARN__DUPLICATE_METHOD_MATCH = YES;
				COPY_PHASE_STRIP = NO;
				DEBUG_INFORMATION_FORMAT = "dwarf-with-dsym";
				ENABLE_NS_ASSERTIONS = NO;
				ENABLE_STRICT_OBJC_MSGSEND = YES;
				GCC_C_LANGUAGE_STANDARD = gnu11;
				GCC_NO_COMMON_BLOCKS = YES;
				GCC_WARN_64_TO_32_BIT_CONVERSION = YES;
				GCC_WARN_ABOUT_RETURN_TYPE = YES_ERROR;
				GCC_WARN_UNDECLARED_SELECTOR = YES;
				GCC_WARN_UNINITIALIZED_AUTOS = YES_AGGRESSIVE;
				GCC_WARN_UNUSED_FUNCTION = YES;
				GCC_WARN_UNUSED_VARIABLE = YES;
				IPHONEOS_DEPLOYMENT_TARGET = 15.5;
				MTL_ENABLE_DEBUG_INFO = NO;
				MTL_FAST_MATH = YES;
				SDKROOT = iphoneos;
				SWIFT_COMPILATION_MODE = wholemodule;
				SWIFT_OPTIMIZATION_LEVEL = "-O";
				VALIDATE_PRODUCT = YES;
			};
			name = Release;
		};
		686E00B6287FDAE900BE5172 /* Debug */ = {
			isa = XCBuildConfiguration;
			buildSettings = {
				ASSETCATALOG_COMPILER_APPICON_NAME = AppIcon;
				ASSETCATALOG_COMPILER_GLOBAL_ACCENT_COLOR_NAME = AccentColor;
				CODE_SIGN_STYLE = Automatic;
				CURRENT_PROJECT_VERSION = 1;
				DEVELOPMENT_ASSET_PATHS = "\"MyAsset/Preview Content\"";
				DEVELOPMENT_TEAM = UCK3286RDQ;
				ENABLE_PREVIEWS = YES;
				GENERATE_INFOPLIST_FILE = YES;
				INFOPLIST_KEY_UIApplicationSceneManifest_Generation = YES;
				INFOPLIST_KEY_UIApplicationSupportsIndirectInputEvents = YES;
				INFOPLIST_KEY_UILaunchScreen_Generation = YES;
				INFOPLIST_KEY_UISupportedInterfaceOrientations_iPad = "UIInterfaceOrientationPortrait UIInterfaceOrientationPortraitUpsideDown UIInterfaceOrientationLandscapeLeft UIInterfaceOrientationLandscapeRight";
				INFOPLIST_KEY_UISupportedInterfaceOrientations_iPhone = "UIInterfaceOrientationPortrait UIInterfaceOrientationLandscapeLeft UIInterfaceOrientationLandscapeRight";
				INFOPLIST_KEY_UIUserInterfaceStyle = Light;
				LD_RUNPATH_SEARCH_PATHS = (
					"$(inherited)",
					"@executable_path/Frameworks",
				);
				MARKETING_VERSION = 1.0;
				PRODUCT_BUNDLE_IDENTIFIER = OSJ.MyAsset;
				PRODUCT_NAME = "$(TARGET_NAME)";
				SWIFT_EMIT_LOC_STRINGS = YES;
				SWIFT_VERSION = 5.0;
				TARGETED_DEVICE_FAMILY = "1,2";
			};
			name = Debug;
		};
		686E00B7287FDAE900BE5172 /* Release */ = {
			isa = XCBuildConfiguration;
			buildSettings = {
				ASSETCATALOG_COMPILER_APPICON_NAME = AppIcon;
				ASSETCATALOG_COMPILER_GLOBAL_ACCENT_COLOR_NAME = AccentColor;
				CODE_SIGN_STYLE = Automatic;
				CURRENT_PROJECT_VERSION = 1;
				DEVELOPMENT_ASSET_PATHS = "\"MyAsset/Preview Content\"";
				DEVELOPMENT_TEAM = UCK3286RDQ;
				ENABLE_PREVIEWS = YES;
				GENERATE_INFOPLIST_FILE = YES;
				INFOPLIST_KEY_UIApplicationSceneManifest_Generation = YES;
				INFOPLIST_KEY_UIApplicationSupportsIndirectInputEvents = YES;
				INFOPLIST_KEY_UILaunchScreen_Generation = YES;
				INFOPLIST_KEY_UISupportedInterfaceOrientations_iPad = "UIInterfaceOrientationPortrait UIInterfaceOrientationPortraitUpsideDown UIInterfaceOrientationLandscapeLeft UIInterfaceOrientationLandscapeRight";
				INFOPLIST_KEY_UISupportedInterfaceOrientations_iPhone = "UIInterfaceOrientationPortrait UIInterfaceOrientationLandscapeLeft UIInterfaceOrientationLandscapeRight";
				INFOPLIST_KEY_UIUserInterfaceStyle = Light;
				LD_RUNPATH_SEARCH_PATHS = (
					"$(inherited)",
					"@executable_path/Frameworks",
				);
				MARKETING_VERSION = 1.0;
				PRODUCT_BUNDLE_IDENTIFIER = OSJ.MyAsset;
				PRODUCT_NAME = "$(TARGET_NAME)";
				SWIFT_EMIT_LOC_STRINGS = YES;
				SWIFT_VERSION = 5.0;
				TARGETED_DEVICE_FAMILY = "1,2";
			};
			name = Release;
		};
/* End XCBuildConfiguration section */

/* Begin XCConfigurationList section */
		686E00A2287FDAE800BE5172 /* Build configuration list for PBXProject "MyAsset" */ = {
			isa = XCConfigurationList;
			buildConfigurations = (
				686E00B3287FDAE900BE5172 /* Debug */,
				686E00B4287FDAE900BE5172 /* Release */,
			);
			defaultConfigurationIsVisible = 0;
			defaultConfigurationName = Release;
		};
		686E00B5287FDAE900BE5172 /* Build configuration list for PBXNativeTarget "MyAsset" */ = {
			isa = XCConfigurationList;
			buildConfigurations = (
				686E00B6287FDAE900BE5172 /* Debug */,
				686E00B7287FDAE900BE5172 /* Release */,
			);
			defaultConfigurationIsVisible = 0;
			defaultConfigurationName = Release;
		};
/* End XCConfigurationList section */
	};
	rootObject = 686E009F287FDAE800BE5172 /* Project object */;
}
